
Microsoft Visual Studio Solution File, Format Version 12.00
Project("{FAE04EC0-301F-11D3-BF4B-00C04F79EFBC}") = "WebShopUi", "WebShopUi\WebShopUi.csproj", "{C9F26342-F4CE-4977-8124-AA147D2654BE}"
EndProject
Global
	GlobalSection(SolutionConfigurationPlatforms) = preSolution
		Debug|Any CPU = Debug|Any CPU
		Release|Any CPU = Release|Any CPU
	EndGlobalSection
	GlobalSection(ProjectConfigurationPlatforms) = postSolution
		{C9F26342-F4CE-4977-8124-AA147D2654BE}.Debug|Any CPU.ActiveCfg = Debug|Any CPU
		{C9F26342-F4CE-4977-8124-AA147D2654BE}.Debug|Any CPU.Build.0 = Debug|Any CPU
		{C9F26342-F4CE-4977-8124-AA147D2654BE}.Release|Any CPU.ActiveCfg = Release|Any CPU
		{C9F26342-F4CE-4977-8124-AA147D2654BE}.Release|Any CPU.Build.0 = Release|Any CPU
	EndGlobalSection
EndGlobal
